PODS:
  - NSString+ShellSplit (1.0.0)
  - SwiftDataHash (1.0.0)
  - XcodeConfiguration (2.0.0):
    - NSString+ShellSplit (~> 1.0)
  - XcodeKit (2.0.1)

DEPENDENCIES:
  - SwiftDataHash (~> 1.0.0)
  - XcodeConfiguration (~> 2.0.0)
  - XcodeKit (~> 2.0.0)

SPEC CHECKSUMS:
  NSString+ShellSplit: fdb3df891ba3d98e1acc1b050ce7fd0d032324a9
  SwiftDataHash: b7f8c08cb29c9405db5974850d06a4dd02590b6d
  XcodeConfiguration: c36097c45c206df763d847089d0f0299b45fe291
  XcodeKit: 0f6025747d0e1d1ba08c41d26c7f536446e7ee71

COCOAPODS: 0.39.0
